{
  "name": "hexninety.github.io",
  "lockfileVersion": 2,
  "requires": true,
  "packages": {
    "": {
      "dependencies": {
        "@validide/resizable-table-columns": "^2.0.5"
      }
    },
    "node_modules/@validide/resizable-table-columns": {
      "version": "2.0.5",
      "resolved": "https://registry.npmjs.org/@validide/resizable-table-columns/-/resizable-table-columns-2.0.5.tgz",
      "integrity": "sha512-gbiDDxZy6+lDiYLXadShXNn3iOINqulq4NmeeJozV5vDXY3Lypzjmh/7XPigN8aGyME2G4m0oeUARtgQAv5K0A=="
    }
  },
  "dependencies": {
    "@validide/resizable-table-columns": {
      "version": "2.0.5",
      "resolved": "https://registry.npmjs.org/@validide/resizable-table-columns/-/resizable-table-columns-2.0.5.tgz",
      "integrity": "sha512-gbiDDxZy6+lDiYLXadShXNn3iOINqulq4NmeeJozV5vDXY3Lypzjmh/7XPigN8aGyME2G4m0oeUARtgQAv5K0A=="
    }
  }
}
